
Microsoft Visual Studio Solution File, Format Version 12.00
# Visual Studio Version 18
VisualStudioVersion = 18.3.11312.210 d18.3
MinimumVisualStudioVersion = 10.0.40219.1
Project("{FAE04EC0-301F-11D3-BF4B-00C04F79EFBC}") = "GeneralUpdate.Tool.Avalonia", "GeneralUpdate.Tool.Avalonia.csproj", "{4F819DD4-A905-4358-B338-6F6E759697BE}"
EndProject
Project("{FAE04EC0-301F-11D3-BF4B-00C04F79EFBC}") = "GeneralUpdate.Server", "..\Aquarius.Server\GeneralUpdate.Server.csproj", "{B40A4B89-2340-D7ED-26CA-9396BF8499B3}"
EndProject
Global
	GlobalSection(SolutionConfigurationPlatforms) = preSolution
		Debug|Any CPU = Debug|Any CPU
		Release|Any CPU = Release|Any CPU
	EndGlobalSection
	GlobalSection(ProjectConfigurationPlatforms) = postSolution
		{4F819DD4-A905-4358-B338-6F6E759697BE}.Debug|Any CPU.ActiveCfg = Debug|Any CPU
		{4F819DD4-A905-4358-B338-6F6E759697BE}.Debug|Any CPU.Build.0 = Debug|Any CPU
		{4F819DD4-A905-4358-B338-6F6E759697BE}.Release|Any CPU.ActiveCfg = Release|Any CPU
		{4F819DD4-A905-4358-B338-6F6E759697BE}.Release|Any CPU.Build.0 = Release|Any CPU
		{B40A4B89-2340-D7ED-26CA-9396BF8499B3}.Debug|Any CPU.ActiveCfg = Debug|Any CPU
		{B40A4B89-2340-D7ED-26CA-9396BF8499B3}.Debug|Any CPU.Build.0 = Debug|Any CPU
		{B40A4B89-2340-D7ED-26CA-9396BF8499B3}.Release|Any CPU.ActiveCfg = Release|Any CPU
		{B40A4B89-2340-D7ED-26CA-9396BF8499B3}.Release|Any CPU.Build.0 = Release|Any CPU
	EndGlobalSection
	GlobalSection(SolutionProperties) = preSolution
		HideSolutionNode = FALSE
	EndGlobalSection
EndGlobal
