
Microsoft Visual Studio Solution File, Format Version 12.00
# Visual Studio Version 18
VisualStudioVersion = 18.3.11312.210
MinimumVisualStudioVersion = 10.0.40219.1
Project("{FAE04EC0-301F-11D3-BF4B-00C04F79EFBC}") = "GeneralUpdate.Tool.Avalonia", "GeneralUpdate.Tool.Avalonia.csproj", "{4F819DD4-A905-4358-B338-6F6E759697BE}"
EndProject
Project("{FAE04EC0-301F-11D3-BF4B-00C04F79EFBC}") = "GeneralUpdate.Common", "..\GeneralUpdate.Common\GeneralUpdate.Common.csproj", "{E2624115-2D26-4B12-A10E-C759D7647044}"
EndProject
Project("{FAE04EC0-301F-11D3-BF4B-00C04F79EFBC}") = "One.Server", "..\One.Server\One.Server.csproj", "{DB908E01-6F73-D9F2-4C06-EF277C9B4B39}"
EndProject
Global
	GlobalSection(SolutionConfigurationPlatforms) = preSolution
		Debug|Any CPU = Debug|Any CPU
		Release|Any CPU = Release|Any CPU
	EndGlobalSection
	GlobalSection(ProjectConfigurationPlatforms) = postSolution
		{4F819DD4-A905-4358-B338-6F6E759697BE}.Debug|Any CPU.ActiveCfg = Debug|Any CPU
		{4F819DD4-A905-4358-B338-6F6E759697BE}.Debug|Any CPU.Build.0 = Debug|Any CPU
		{4F819DD4-A905-4358-B338-6F6E759697BE}.Release|Any CPU.ActiveCfg = Release|Any CPU
		{4F819DD4-A905-4358-B338-6F6E759697BE}.Release|Any CPU.Build.0 = Release|Any CPU
		{E2624115-2D26-4B12-A10E-C759D7647044}.Debug|Any CPU.ActiveCfg = Debug|Any CPU
		{E2624115-2D26-4B12-A10E-C759D7647044}.Debug|Any CPU.Build.0 = Debug|Any CPU
		{E2624115-2D26-4B12-A10E-C759D7647044}.Release|Any CPU.ActiveCfg = Release|Any CPU
		{E2624115-2D26-4B12-A10E-C759D7647044}.Release|Any CPU.Build.0 = Release|Any CPU
		{DB908E01-6F73-D9F2-4C06-EF277C9B4B39}.Debug|Any CPU.ActiveCfg = Debug|Any CPU
		{DB908E01-6F73-D9F2-4C06-EF277C9B4B39}.Debug|Any CPU.Build.0 = Debug|Any CPU
		{DB908E01-6F73-D9F2-4C06-EF277C9B4B39}.Release|Any CPU.ActiveCfg = Release|Any CPU
		{DB908E01-6F73-D9F2-4C06-EF277C9B4B39}.Release|Any CPU.Build.0 = Release|Any CPU
	EndGlobalSection
	GlobalSection(SolutionProperties) = preSolution
		HideSolutionNode = FALSE
	EndGlobalSection
	GlobalSection(ExtensibilityGlobals) = postSolution
		SolutionGuid = {10B4BFA8-94C6-4C19-A7F9-3DABCFAC1E49}
	EndGlobalSection
EndGlobal
